
Microsoft Visual Studio Solution File, Format Version 12.00
# Visual Studio 15
VisualStudioVersion = 15.0.28307.421
MinimumVisualStudioVersion = 10.0.40219.1
Project("{FAE04EC0-301F-11D3-BF4B-00C04F79EFBC}") = "Tetris-ML", "Tetris-ML\Tetris-ML.csproj", "{3D85558A-50F4-47AC-B9C7-A3AB0F5870F7}"
EndProject
Global
	GlobalSection(SolutionConfigurationPlatforms) = preSolution
		Debug|Any CPU = Debug|Any CPU
		Release|Any CPU = Release|Any CPU
	EndGlobalSection
	GlobalSection(ProjectConfigurationPlatforms) = postSolution
		{3D85558A-50F4-47AC-B9C7-A3AB0F5870F7}.Debug|Any CPU.ActiveCfg = Debug|Any CPU
		{3D85558A-50F4-47AC-B9C7-A3AB0F5870F7}.Debug|Any CPU.Build.0 = Debug|Any CPU
		{3D85558A-50F4-47AC-B9C7-A3AB0F5870F7}.Release|Any CPU.ActiveCfg = Release|Any CPU
		{3D85558A-50F4-47AC-B9C7-A3AB0F5870F7}.Release|Any CPU.Build.0 = Release|Any CPU
	EndGlobalSection
	GlobalSection(SolutionProperties) = preSolution
		HideSolutionNode = FALSE
	EndGlobalSection
	GlobalSection(ExtensibilityGlobals) = postSolution
		SolutionGuid = {B142E53E-AC78-4167-ADE7-C88766BB4265}
	EndGlobalSection
EndGlobal
